# This file is automatically @generated by Cargo.
# It is not intended for manual editing.
version = 4

[[package]]
name = "meow-browser"
version = "0.1.0"
dependencies = [
 "meow-engine",
]

[[package]]
name = "meow-engine"
version = "0.1.0"

[[package]]
name = "meow-headless"
version = "0.1.0"
dependencies = [
 "meow-engine",
]

[[package]]
name = "xtask"
version = "0.1.0"
